Microsoft Visual Studio Solution File, Format Version 12.00
# Visual Studio Version 16
VisualStudioVersion = 16.0.30413.136
MinimumVisualStudioVersion = 10.0.40219.1
Project("{2150E333-8FDC-42A3-9474-1A3956D46DE8}") = "Solution Items", "Solution Items", "{1A1BD4F8-4409-404B-9ADB-BAB90E978F48}"
	ProjectSection(SolutionItems) = preProject
		.editorconfig = .editorconfig
		Konoma.CrossFit.nuspec = Konoma.CrossFit.nuspec
		Nuget.config.buildserver = Nuget.config.buildserver
		README.md = README.md
	EndProjectSection
EndProject
Project("{2150E333-8FDC-42A3-9474-1A3956D46DE8}") = "Library", "Library", "{C9B2F1F5-32E5-4C19-A1B0-4E54460E476F}"
EndProject
Project("{FAE04EC0-301F-11D3-BF4B-00C04F79EFBC}") = "Konoma.CrossFit", "Konoma.CrossFit\Konoma.CrossFit.csproj", "{C078F0FA-B85E-4690-B1CC-C4F730EA86EF}"
EndProject
Project("{FAE04EC0-301F-11D3-BF4B-00C04F79EFBC}") = "Konoma.CrossFit.iOS", "Konoma.CrossFit.iOS\Konoma.CrossFit.iOS.csproj", "{2EA35A6E-B07D-4F8B-A522-8DC806685A69}"
EndProject
Project("{FAE04EC0-301F-11D3-BF4B-00C04F79EFBC}") = "Konoma.CrossFit.Android", "Konoma.CrossFit.Android\Konoma.CrossFit.Android.csproj", "{E48674A9-A094-40D1-B18F-0529FD8E3B85}"
EndProject
Project("{FAE04EC0-301F-11D3-BF4B-00C04F79EFBC}") = "Konoma.CrossFit.Forms", "Konoma.CrossFit.Forms\Konoma.CrossFit.Forms.csproj", "{58B4508D-BDAA-40CD-AF0D-5DF6FA055A1F}"
EndProject
Project("{2150E333-8FDC-42A3-9474-1A3956D46DE8}") = "Sample Apps", "Sample Apps", "{A8E53564-B3F5-4B7A-A8FD-CE6595DCBD69}"
EndProject
Project("{FAE04EC0-301F-11D3-BF4B-00C04F79EFBC}") = "TemperatureConverter.Core", "Samples\TemperatureConverter\TemperatureConverter.Core\TemperatureConverter.Core.csproj", "{B85B25F7-7346-48B5-8567-74F1B23C5194}"
EndProject
Project("{FAE04EC0-301F-11D3-BF4B-00C04F79EFBC}") = "TemperatureConverter.Forms", "Samples\TemperatureConverter\TemperatureConverter.Forms\TemperatureConverter.Forms\TemperatureConverter.Forms.csproj", "{60B4C1D5-B1DB-4B05-87DF-8FE1493867B0}"
EndProject
Project("{FAE04EC0-301F-11D3-BF4B-00C04F79EFBC}") = "TemperatureConverter.Forms.Android", "Samples\TemperatureConverter\TemperatureConverter.Forms\TemperatureConverter.Forms.Android\TemperatureConverter.Forms.Android.csproj", "{ED9E6D78-37FB-46BD-B108-5DE637430B1F}"
EndProject
Project("{FAE04EC0-301F-11D3-BF4B-00C04F79EFBC}") = "TemperatureConverter.Forms.iOS", "Samples\TemperatureConverter\TemperatureConverter.Forms\TemperatureConverter.Forms.iOS\TemperatureConverter.Forms.iOS.csproj", "{6A08B264-CE88-4AAB-8661-C5B17C1E4FA4}"
EndProject
Project("{FAE04EC0-301F-11D3-BF4B-00C04F79EFBC}") = "TemperatureConverter.Native.iOS", "Samples\TemperatureConverter\TemperatureConverter.Native.iOS\TemperatureConverter.Native.iOS.csproj", "{C5904669-BC3E-42F3-8406-3FA1BEDEB236}"
EndProject
Project("{FAE04EC0-301F-11D3-BF4B-00C04F79EFBC}") = "TemperatureConverter.Native.Android", "Samples\TemperatureConverter\TemperatureConverter.Native.Android\TemperatureConverter.Native.Android.csproj", "{E685449A-98B0-497C-8492-C3545247155D}"
EndProject
Project("{2150E333-8FDC-42A3-9474-1A3956D46DE8}") = "TemperatureConverter", "TemperatureConverter", "{CD74B8C9-0452-49BC-8A59-3BF3432E50DE}"
EndProject
Global
	GlobalSection(SolutionConfigurationPlatforms) = preSolution
		Debug|Any CPU = Debug|Any CPU
		Debug|iPhone = Debug|iPhone
		Debug|iPhoneSimulator = Debug|iPhoneSimulator
		Release|Any CPU = Release|Any CPU
		Release|iPhone = Release|iPhone
		Release|iPhoneSimulator = Release|iPhoneSimulator
	EndGlobalSection
	GlobalSection(ProjectConfigurationPlatforms) = postSolution
		{58B4508D-BDAA-40CD-AF0D-5DF6FA055A1F}.Debug|Any CPU.ActiveCfg = Debug|Any CPU
		{58B4508D-BDAA-40CD-AF0D-5DF6FA055A1F}.Debug|Any CPU.Build.0 = Debug|Any CPU
		{58B4508D-BDAA-40CD-AF0D-5DF6FA055A1F}.Debug|iPhone.ActiveCfg = Debug|Any CPU
		{58B4508D-BDAA-40CD-AF0D-5DF6FA055A1F}.Debug|iPhone.Build.0 = Debug|Any CPU
		{58B4508D-BDAA-40CD-AF0D-5DF6FA055A1F}.Debug|iPhoneSimulator.ActiveCfg = Debug|Any CPU
		{58B4508D-BDAA-40CD-AF0D-5DF6FA055A1F}.Debug|iPhoneSimulator.Build.0 = Debug|Any CPU
		{58B4508D-BDAA-40CD-AF0D-5DF6FA055A1F}.Release|Any CPU.ActiveCfg = Release|Any CPU
		{58B4508D-BDAA-40CD-AF0D-5DF6FA055A1F}.Release|Any CPU.Build.0 = Release|Any CPU
		{58B4508D-BDAA-40CD-AF0D-5DF6FA055A1F}.Release|iPhone.ActiveCfg = Release|Any CPU
		{58B4508D-BDAA-40CD-AF0D-5DF6FA055A1F}.Release|iPhone.Build.0 = Release|Any CPU
		{58B4508D-BDAA-40CD-AF0D-5DF6FA055A1F}.Release|iPhoneSimulator.ActiveCfg = Release|Any CPU
		{58B4508D-BDAA-40CD-AF0D-5DF6FA055A1F}.Release|iPhoneSimulator.Build.0 = Release|Any CPU
		{C078F0FA-B85E-4690-B1CC-C4F730EA86EF}.Debug|Any CPU.ActiveCfg = Debug|Any CPU
		{C078F0FA-B85E-4690-B1CC-C4F730EA86EF}.Debug|Any CPU.Build.0 = Debug|Any CPU
		{C078F0FA-B85E-4690-B1CC-C4F730EA86EF}.Debug|iPhone.ActiveCfg = Debug|Any CPU
		{C078F0FA-B85E-4690-B1CC-C4F730EA86EF}.Debug|iPhone.Build.0 = Debug|Any CPU
		{C078F0FA-B85E-4690-B1CC-C4F730EA86EF}.Debug|iPhoneSimulator.ActiveCfg = Debug|Any CPU
		{C078F0FA-B85E-4690-B1CC-C4F730EA86EF}.Debug|iPhoneSimulator.Build.0 = Debug|Any CPU
		{C078F0FA-B85E-4690-B1CC-C4F730EA86EF}.Release|Any CPU.ActiveCfg = Release|Any CPU
		{C078F0FA-B85E-4690-B1CC-C4F730EA86EF}.Release|Any CPU.Build.0 = Release|Any CPU
		{C078F0FA-B85E-4690-B1CC-C4F730EA86EF}.Release|iPhone.ActiveCfg = Release|Any CPU
		{C078F0FA-B85E-4690-B1CC-C4F730EA86EF}.Release|iPhone.Build.0 = Release|Any CPU
		{C078F0FA-B85E-4690-B1CC-C4F730EA86EF}.Release|iPhoneSimulator.ActiveCfg = Release|Any CPU
		{C078F0FA-B85E-4690-B1CC-C4F730EA86EF}.Release|iPhoneSimulator.Build.0 = Release|Any CPU
		{B85B25F7-7346-48B5-8567-74F1B23C5194}.Debug|Any CPU.ActiveCfg = Debug|Any CPU
		{B85B25F7-7346-48B5-8567-74F1B23C5194}.Debug|Any CPU.Build.0 = Debug|Any CPU
		{B85B25F7-7346-48B5-8567-74F1B23C5194}.Debug|iPhone.ActiveCfg = Debug|Any CPU
		{B85B25F7-7346-48B5-8567-74F1B23C5194}.Debug|iPhone.Build.0 = Debug|Any CPU
		{B85B25F7-7346-48B5-8567-74F1B23C5194}.Debug|iPhoneSimulator.ActiveCfg = Debug|Any CPU
		{B85B25F7-7346-48B5-8567-74F1B23C5194}.Debug|iPhoneSimulator.Build.0 = Debug|Any CPU
		{B85B25F7-7346-48B5-8567-74F1B23C5194}.Release|Any CPU.ActiveCfg = Release|Any CPU
		{B85B25F7-7346-48B5-8567-74F1B23C5194}.Release|Any CPU.Build.0 = Release|Any CPU
		{B85B25F7-7346-48B5-8567-74F1B23C5194}.Release|iPhone.ActiveCfg = Release|Any CPU
		{B85B25F7-7346-48B5-8567-74F1B23C5194}.Release|iPhone.Build.0 = Release|Any CPU
		{B85B25F7-7346-48B5-8567-74F1B23C5194}.Release|iPhoneSimulator.ActiveCfg = Release|Any CPU
		{B85B25F7-7346-48B5-8567-74F1B23C5194}.Release|iPhoneSimulator.Build.0 = Release|Any CPU
		{60B4C1D5-B1DB-4B05-87DF-8FE1493867B0}.Debug|Any CPU.ActiveCfg = Debug|Any CPU
		{60B4C1D5-B1DB-4B05-87DF-8FE1493867B0}.Debug|Any CPU.Build.0 = Debug|Any CPU
		{60B4C1D5-B1DB-4B05-87DF-8FE1493867B0}.Debug|iPhone.ActiveCfg = Debug|Any CPU
		{60B4C1D5-B1DB-4B05-87DF-8FE1493867B0}.Debug|iPhone.Build.0 = Debug|Any CPU
		{60B4C1D5-B1DB-4B05-87DF-8FE1493867B0}.Debug|iPhoneSimulator.ActiveCfg = Debug|Any CPU
		{60B4C1D5-B1DB-4B05-87DF-8FE1493867B0}.Debug|iPhoneSimulator.Build.0 = Debug|Any CPU
		{60B4C1D5-B1DB-4B05-87DF-8FE1493867B0}.Release|Any CPU.ActiveCfg = Release|Any CPU
		{60B4C1D5-B1DB-4B05-87DF-8FE1493867B0}.Release|Any CPU.Build.0 = Release|Any CPU
		{60B4C1D5-B1DB-4B05-87DF-8FE1493867B0}.Release|iPhone.ActiveCfg = Release|Any CPU
		{60B4C1D5-B1DB-4B05-87DF-8FE1493867B0}.Release|iPhone.Build.0 = Release|Any CPU
		{60B4C1D5-B1DB-4B05-87DF-8FE1493867B0}.Release|iPhoneSimulator.ActiveCfg = Release|Any CPU
		{60B4C1D5-B1DB-4B05-87DF-8FE1493867B0}.Release|iPhoneSimulator.Build.0 = Release|Any CPU
		{ED9E6D78-37FB-46BD-B108-5DE637430B1F}.Debug|Any CPU.ActiveCfg = Debug|Any CPU
		{ED9E6D78-37FB-46BD-B108-5DE637430B1F}.Debug|Any CPU.Build.0 = Debug|Any CPU
		{ED9E6D78-37FB-46BD-B108-5DE637430B1F}.Debug|iPhone.ActiveCfg = Debug|Any CPU
		{ED9E6D78-37FB-46BD-B108-5DE637430B1F}.Debug|iPhone.Build.0 = Debug|Any CPU
		{ED9E6D78-37FB-46BD-B108-5DE637430B1F}.Debug|iPhoneSimulator.ActiveCfg = Debug|Any CPU
		{ED9E6D78-37FB-46BD-B108-5DE637430B1F}.Debug|iPhoneSimulator.Build.0 = Debug|Any CPU
		{ED9E6D78-37FB-46BD-B108-5DE637430B1F}.Release|Any CPU.ActiveCfg = Release|Any CPU
		{ED9E6D78-37FB-46BD-B108-5DE637430B1F}.Release|Any CPU.Build.0 = Release|Any CPU
		{ED9E6D78-37FB-46BD-B108-5DE637430B1F}.Release|iPhone.ActiveCfg = Release|Any CPU
		{ED9E6D78-37FB-46BD-B108-5DE637430B1F}.Release|iPhone.Build.0 = Release|Any CPU
		{ED9E6D78-37FB-46BD-B108-5DE637430B1F}.Release|iPhoneSimulator.ActiveCfg = Release|Any CPU
		{ED9E6D78-37FB-46BD-B108-5DE637430B1F}.Release|iPhoneSimulator.Build.0 = Release|Any CPU
		{6A08B264-CE88-4AAB-8661-C5B17C1E4FA4}.Debug|Any CPU.ActiveCfg = Debug|iPhoneSimulator
		{6A08B264-CE88-4AAB-8661-C5B17C1E4FA4}.Debug|Any CPU.Build.0 = Debug|iPhoneSimulator
		{6A08B264-CE88-4AAB-8661-C5B17C1E4FA4}.Debug|iPhone.ActiveCfg = Debug|iPhone
		{6A08B264-CE88-4AAB-8661-C5B17C1E4FA4}.Debug|iPhone.Build.0 = Debug|iPhone
		{6A08B264-CE88-4AAB-8661-C5B17C1E4FA4}.Debug|iPhoneSimulator.ActiveCfg = Debug|iPhoneSimulator
		{6A08B264-CE88-4AAB-8661-C5B17C1E4FA4}.Debug|iPhoneSimulator.Build.0 = Debug|iPhoneSimulator
		{6A08B264-CE88-4AAB-8661-C5B17C1E4FA4}.Release|Any CPU.ActiveCfg = Release|iPhoneSimulator
		{6A08B264-CE88-4AAB-8661-C5B17C1E4FA4}.Release|Any CPU.Build.0 = Release|iPhoneSimulator
		{6A08B264-CE88-4AAB-8661-C5B17C1E4FA4}.Release|iPhone.ActiveCfg = Release|iPhone
		{6A08B264-CE88-4AAB-8661-C5B17C1E4FA4}.Release|iPhone.Build.0 = Release|iPhone
		{6A08B264-CE88-4AAB-8661-C5B17C1E4FA4}.Release|iPhoneSimulator.ActiveCfg = Release|iPhoneSimulator
		{6A08B264-CE88-4AAB-8661-C5B17C1E4FA4}.Release|iPhoneSimulator.Build.0 = Release|iPhoneSimulator
		{C5904669-BC3E-42F3-8406-3FA1BEDEB236}.Debug|Any CPU.ActiveCfg = Debug|iPhoneSimulator
		{C5904669-BC3E-42F3-8406-3FA1BEDEB236}.Debug|Any CPU.Build.0 = Debug|iPhoneSimulator
		{C5904669-BC3E-42F3-8406-3FA1BEDEB236}.Debug|iPhone.ActiveCfg = Debug|iPhone
		{C5904669-BC3E-42F3-8406-3FA1BEDEB236}.Debug|iPhone.Build.0 = Debug|iPhone
		{C5904669-BC3E-42F3-8406-3FA1BEDEB236}.Debug|iPhoneSimulator.ActiveCfg = Debug|iPhoneSimulator
		{C5904669-BC3E-42F3-8406-3FA1BEDEB236}.Debug|iPhoneSimulator.Build.0 = Debug|iPhoneSimulator
		{C5904669-BC3E-42F3-8406-3FA1BEDEB236}.Release|Any CPU.ActiveCfg = Release|iPhoneSimulator
		{C5904669-BC3E-42F3-8406-3FA1BEDEB236}.Release|Any CPU.Build.0 = Release|iPhoneSimulator
		{C5904669-BC3E-42F3-8406-3FA1BEDEB236}.Release|iPhone.ActiveCfg = Release|iPhone
		{C5904669-BC3E-42F3-8406-3FA1BEDEB236}.Release|iPhone.Build.0 = Release|iPhone
		{C5904669-BC3E-42F3-8406-3FA1BEDEB236}.Release|iPhoneSimulator.ActiveCfg = Release|iPhoneSimulator
		{C5904669-BC3E-42F3-8406-3FA1BEDEB236}.Release|iPhoneSimulator.Build.0 = Release|iPhoneSimulator
		{2EA35A6E-B07D-4F8B-A522-8DC806685A69}.Debug|Any CPU.ActiveCfg = Debug|Any CPU
		{2EA35A6E-B07D-4F8B-A522-8DC806685A69}.Debug|Any CPU.Build.0 = Debug|Any CPU
		{2EA35A6E-B07D-4F8B-A522-8DC806685A69}.Debug|iPhone.ActiveCfg = Debug|Any CPU
		{2EA35A6E-B07D-4F8B-A522-8DC806685A69}.Debug|iPhone.Build.0 = Debug|Any CPU
		{2EA35A6E-B07D-4F8B-A522-8DC806685A69}.Debug|iPhoneSimulator.ActiveCfg = Debug|Any CPU
		{2EA35A6E-B07D-4F8B-A522-8DC806685A69}.Debug|iPhoneSimulator.Build.0 = Debug|Any CPU
		{2EA35A6E-B07D-4F8B-A522-8DC806685A69}.Release|Any CPU.ActiveCfg = Release|Any CPU
		{2EA35A6E-B07D-4F8B-A522-8DC806685A69}.Release|Any CPU.Build.0 = Release|Any CPU
		{2EA35A6E-B07D-4F8B-A522-8DC806685A69}.Release|iPhone.ActiveCfg = Release|Any CPU
		{2EA35A6E-B07D-4F8B-A522-8DC806685A69}.Release|iPhone.Build.0 = Release|Any CPU
		{2EA35A6E-B07D-4F8B-A522-8DC806685A69}.Release|iPhoneSimulator.ActiveCfg = Release|Any CPU
		{2EA35A6E-B07D-4F8B-A522-8DC806685A69}.Release|iPhoneSimulator.Build.0 = Release|Any CPU
		{E48674A9-A094-40D1-B18F-0529FD8E3B85}.Debug|Any CPU.ActiveCfg = Debug|Any CPU
		{E48674A9-A094-40D1-B18F-0529FD8E3B85}.Debug|Any CPU.Build.0 = Debug|Any CPU
		{E48674A9-A094-40D1-B18F-0529FD8E3B85}.Debug|iPhone.ActiveCfg = Debug|Any CPU
		{E48674A9-A094-40D1-B18F-0529FD8E3B85}.Debug|iPhone.Build.0 = Debug|Any CPU
		{E48674A9-A094-40D1-B18F-0529FD8E3B85}.Debug|iPhoneSimulator.ActiveCfg = Debug|Any CPU
		{E48674A9-A094-40D1-B18F-0529FD8E3B85}.Debug|iPhoneSimulator.Build.0 = Debug|Any CPU
		{E48674A9-A094-40D1-B18F-0529FD8E3B85}.Release|Any CPU.ActiveCfg = Release|Any CPU
		{E48674A9-A094-40D1-B18F-0529FD8E3B85}.Release|Any CPU.Build.0 = Release|Any CPU
		{E48674A9-A094-40D1-B18F-0529FD8E3B85}.Release|iPhone.ActiveCfg = Release|Any CPU
		{E48674A9-A094-40D1-B18F-0529FD8E3B85}.Release|iPhone.Build.0 = Release|Any CPU
		{E48674A9-A094-40D1-B18F-0529FD8E3B85}.Release|iPhoneSimulator.ActiveCfg = Release|Any CPU
		{E48674A9-A094-40D1-B18F-0529FD8E3B85}.Release|iPhoneSimulator.Build.0 = Release|Any CPU
		{E685449A-98B0-497C-8492-C3545247155D}.Debug|Any CPU.ActiveCfg = Debug|Any CPU
		{E685449A-98B0-497C-8492-C3545247155D}.Debug|Any CPU.Build.0 = Debug|Any CPU
		{E685449A-98B0-497C-8492-C3545247155D}.Debug|iPhone.ActiveCfg = Debug|Any CPU
		{E685449A-98B0-497C-8492-C3545247155D}.Debug|iPhone.Build.0 = Debug|Any CPU
		{E685449A-98B0-497C-8492-C3545247155D}.Debug|iPhoneSimulator.ActiveCfg = Debug|Any CPU
		{E685449A-98B0-497C-8492-C3545247155D}.Debug|iPhoneSimulator.Build.0 = Debug|Any CPU
		{E685449A-98B0-497C-8492-C3545247155D}.Release|Any CPU.ActiveCfg = Release|Any CPU
		{E685449A-98B0-497C-8492-C3545247155D}.Release|Any CPU.Build.0 = Release|Any CPU
		{E685449A-98B0-497C-8492-C3545247155D}.Release|iPhone.ActiveCfg = Release|Any CPU
		{E685449A-98B0-497C-8492-C3545247155D}.Release|iPhone.Build.0 = Release|Any CPU
		{E685449A-98B0-497C-8492-C3545247155D}.Release|iPhoneSimulator.ActiveCfg = Release|Any CPU
		{E685449A-98B0-497C-8492-C3545247155D}.Release|iPhoneSimulator.Build.0 = Release|Any CPU
	EndGlobalSection
	GlobalSection(SolutionProperties) = preSolution
		HideSolutionNode = FALSE
	EndGlobalSection
	GlobalSection(NestedProjects) = preSolution
		{58B4508D-BDAA-40CD-AF0D-5DF6FA055A1F} = {C9B2F1F5-32E5-4C19-A1B0-4E54460E476F}
		{C078F0FA-B85E-4690-B1CC-C4F730EA86EF} = {C9B2F1F5-32E5-4C19-A1B0-4E54460E476F}
		{2EA35A6E-B07D-4F8B-A522-8DC806685A69} = {C9B2F1F5-32E5-4C19-A1B0-4E54460E476F}
		{E48674A9-A094-40D1-B18F-0529FD8E3B85} = {C9B2F1F5-32E5-4C19-A1B0-4E54460E476F}
		{CD74B8C9-0452-49BC-8A59-3BF3432E50DE} = {A8E53564-B3F5-4B7A-A8FD-CE6595DCBD69}
		{B85B25F7-7346-48B5-8567-74F1B23C5194} = {CD74B8C9-0452-49BC-8A59-3BF3432E50DE}
		{60B4C1D5-B1DB-4B05-87DF-8FE1493867B0} = {CD74B8C9-0452-49BC-8A59-3BF3432E50DE}
		{ED9E6D78-37FB-46BD-B108-5DE637430B1F} = {CD74B8C9-0452-49BC-8A59-3BF3432E50DE}
		{6A08B264-CE88-4AAB-8661-C5B17C1E4FA4} = {CD74B8C9-0452-49BC-8A59-3BF3432E50DE}
		{E685449A-98B0-497C-8492-C3545247155D} = {CD74B8C9-0452-49BC-8A59-3BF3432E50DE}
		{C5904669-BC3E-42F3-8406-3FA1BEDEB236} = {CD74B8C9-0452-49BC-8A59-3BF3432E50DE}
	EndGlobalSection
	GlobalSection(ExtensibilityGlobals) = postSolution
		SolutionGuid = {2B7F98FB-CA70-41E1-BDC0-EA13BC8897CE}
	EndGlobalSection
	GlobalSection(MonoDevelopProperties) = preSolution
		Policies = $0
		$0.DotNetNamingPolicy = $1
		version = 0.5
	EndGlobalSection
EndGlobal
